
Microsoft Visual Studio Solution File, Format Version 12.00
# Visual Studio 14
VisualStudioVersion = 14.0.25420.1
MinimumVisualStudioVersion = 10.0.40219.1
Project("{FAE04EC0-301F-11D3-BF4B-00C04F79EFBC}") = "Cloo.VS2010", "Cloo\Cloo.VS2010.csproj", "{656E96CE-2587-4CCC-A4DB-06D36267133A}"
EndProject
Project("{FAE04EC0-301F-11D3-BF4B-00C04F79EFBC}") = "Clootils.VS2010", "Clootils\Clootils.VS2010.csproj", "{FD7A92BD-8036-428F-9C7D-9A3630AF7E2F}"
EndProject
Project("{2150E333-8FDC-42A3-9474-1A3956D46DE8}") = "Documentation", "Documentation", "{5040C738-55ED-42D8-B006-07FA2B151C4B}"
	ProjectSection(SolutionItems) = preProject
		Documentation\ChangeLog.txt = Documentation\ChangeLog.txt
		Documentation\License.txt = Documentation\License.txt
		Documentation\ReadMe.txt = Documentation\ReadMe.txt
		Documentation\ReleaseNotes.txt = Documentation\ReleaseNotes.txt
		Documentation\Supported.txt = Documentation\Supported.txt
	EndProjectSection
EndProject
Project("{FAE04EC0-301F-11D3-BF4B-00C04F79EFBC}") = "Tests", "Tests\Tests.csproj", "{4B5679B6-BB47-4B90-94D5-0F9F1DCCB04B}"
EndProject
Project("{8BC9CEB8-8B4A-11D0-8D11-00A0C91BC942}") = "NativeMemory", "NativeMemory\NativeMemory.vcxproj", "{C2DFC2BE-6DEB-4592-99FD-8E71E3B3B164}"
EndProject
Global
	GlobalSection(SolutionConfigurationPlatforms) = preSolution
		Debug|Any CPU = Debug|Any CPU
		Debug|x64 = Debug|x64
		Debug|x86 = Debug|x86
		Release|Any CPU = Release|Any CPU
		Release|x64 = Release|x64
		Release|x86 = Release|x86
	EndGlobalSection
	GlobalSection(ProjectConfigurationPlatforms) = postSolution
		{656E96CE-2587-4CCC-A4DB-06D36267133A}.Debug|Any CPU.ActiveCfg = Debug|Any CPU
		{656E96CE-2587-4CCC-A4DB-06D36267133A}.Debug|Any CPU.Build.0 = Debug|Any CPU
		{656E96CE-2587-4CCC-A4DB-06D36267133A}.Debug|x64.ActiveCfg = Debug|x64
		{656E96CE-2587-4CCC-A4DB-06D36267133A}.Debug|x64.Build.0 = Debug|x64
		{656E96CE-2587-4CCC-A4DB-06D36267133A}.Debug|x86.ActiveCfg = Debug|Any CPU
		{656E96CE-2587-4CCC-A4DB-06D36267133A}.Debug|x86.Build.0 = Debug|Any CPU
		{656E96CE-2587-4CCC-A4DB-06D36267133A}.Release|Any CPU.ActiveCfg = Release|x64
		{656E96CE-2587-4CCC-A4DB-06D36267133A}.Release|Any CPU.Build.0 = Release|x64
		{656E96CE-2587-4CCC-A4DB-06D36267133A}.Release|x64.ActiveCfg = Release|x64
		{656E96CE-2587-4CCC-A4DB-06D36267133A}.Release|x64.Build.0 = Release|x64
		{656E96CE-2587-4CCC-A4DB-06D36267133A}.Release|x86.ActiveCfg = Release|Any CPU
		{656E96CE-2587-4CCC-A4DB-06D36267133A}.Release|x86.Build.0 = Release|Any CPU
		{FD7A92BD-8036-428F-9C7D-9A3630AF7E2F}.Debug|Any CPU.ActiveCfg = Debug|Any CPU
		{FD7A92BD-8036-428F-9C7D-9A3630AF7E2F}.Debug|Any CPU.Build.0 = Debug|Any CPU
		{FD7A92BD-8036-428F-9C7D-9A3630AF7E2F}.Debug|x64.ActiveCfg = Debug|x64
		{FD7A92BD-8036-428F-9C7D-9A3630AF7E2F}.Debug|x64.Build.0 = Debug|x64
		{FD7A92BD-8036-428F-9C7D-9A3630AF7E2F}.Debug|x86.ActiveCfg = Debug|Any CPU
		{FD7A92BD-8036-428F-9C7D-9A3630AF7E2F}.Debug|x86.Build.0 = Debug|Any CPU
		{FD7A92BD-8036-428F-9C7D-9A3630AF7E2F}.Release|Any CPU.ActiveCfg = Release|x64
		{FD7A92BD-8036-428F-9C7D-9A3630AF7E2F}.Release|Any CPU.Build.0 = Release|x64
		{FD7A92BD-8036-428F-9C7D-9A3630AF7E2F}.Release|x64.ActiveCfg = Release|x64
		{FD7A92BD-8036-428F-9C7D-9A3630AF7E2F}.Release|x64.Build.0 = Release|x64
		{FD7A92BD-8036-428F-9C7D-9A3630AF7E2F}.Release|x86.ActiveCfg = Release|Any CPU
		{FD7A92BD-8036-428F-9C7D-9A3630AF7E2F}.Release|x86.Build.0 = Release|Any CPU
		{4B5679B6-BB47-4B90-94D5-0F9F1DCCB04B}.Debug|Any CPU.ActiveCfg = Debug|Any CPU
		{4B5679B6-BB47-4B90-94D5-0F9F1DCCB04B}.Debug|Any CPU.Build.0 = Debug|Any CPU
		{4B5679B6-BB47-4B90-94D5-0F9F1DCCB04B}.Debug|x64.ActiveCfg = Debug|Any CPU
		{4B5679B6-BB47-4B90-94D5-0F9F1DCCB04B}.Debug|x64.Build.0 = Debug|Any CPU
		{4B5679B6-BB47-4B90-94D5-0F9F1DCCB04B}.Debug|x86.ActiveCfg = Debug|Any CPU
		{4B5679B6-BB47-4B90-94D5-0F9F1DCCB04B}.Debug|x86.Build.0 = Debug|Any CPU
		{4B5679B6-BB47-4B90-94D5-0F9F1DCCB04B}.Release|Any CPU.ActiveCfg = Release|Any CPU
		{4B5679B6-BB47-4B90-94D5-0F9F1DCCB04B}.Release|Any CPU.Build.0 = Release|Any CPU
		{4B5679B6-BB47-4B90-94D5-0F9F1DCCB04B}.Release|x64.ActiveCfg = Release|Any CPU
		{4B5679B6-BB47-4B90-94D5-0F9F1DCCB04B}.Release|x64.Build.0 = Release|Any CPU
		{4B5679B6-BB47-4B90-94D5-0F9F1DCCB04B}.Release|x86.ActiveCfg = Release|Any CPU
		{4B5679B6-BB47-4B90-94D5-0F9F1DCCB04B}.Release|x86.Build.0 = Release|Any CPU
		{C2DFC2BE-6DEB-4592-99FD-8E71E3B3B164}.Debug|Any CPU.ActiveCfg = Debug|Win32
		{C2DFC2BE-6DEB-4592-99FD-8E71E3B3B164}.Debug|x64.ActiveCfg = Debug|x64
		{C2DFC2BE-6DEB-4592-99FD-8E71E3B3B164}.Debug|x64.Build.0 = Debug|x64
		{C2DFC2BE-6DEB-4592-99FD-8E71E3B3B164}.Debug|x86.ActiveCfg = Debug|Win32
		{C2DFC2BE-6DEB-4592-99FD-8E71E3B3B164}.Debug|x86.Build.0 = Debug|Win32
		{C2DFC2BE-6DEB-4592-99FD-8E71E3B3B164}.Release|Any CPU.ActiveCfg = Release|Win32
		{C2DFC2BE-6DEB-4592-99FD-8E71E3B3B164}.Release|x64.ActiveCfg = Release|x64
		{C2DFC2BE-6DEB-4592-99FD-8E71E3B3B164}.Release|x64.Build.0 = Release|x64
		{C2DFC2BE-6DEB-4592-99FD-8E71E3B3B164}.Release|x86.ActiveCfg = Release|Win32
		{C2DFC2BE-6DEB-4592-99FD-8E71E3B3B164}.Release|x86.Build.0 = Release|Win32
	EndGlobalSection
	GlobalSection(SolutionProperties) = preSolution
		HideSolutionNode = FALSE
	EndGlobalSection
EndGlobal
